PATH
  remote: .
  specs:
    netsloth (0.2.0)
      base64
      influxdb-client (~> 3.2.0)
      logger
      not_so_fast (~> 0.1)
      rake (~> 13.0)

GEM
  remote: https://gem.coop/
  specs:
    base64 (0.3.0)
    csv (3.3.5)
    influxdb-client (3.2.0)
      csv
    logger (1.7.0)
    not_so_fast (0.1.0)
    rake (13.3.1)

PLATFORMS
  ruby
  x86_64-linux

DEPENDENCIES
  netsloth!

BUNDLED WITH
   2.6.9
